
Microsoft Visual Studio Solution File, Format Version 12.00
# Visual Studio Version 17
VisualStudioVersion = 17.11.35312.102
MinimumVisualStudioVersion = 10.0.40219.1
Project("{FAE04EC0-301F-11D3-BF4B-00C04F79EFBC}") = "Friends of Valkenberg Trust", "Friends of Valkenberg Trust\Friends of Valkenberg Trust.csproj", "{AE2CEF02-FF3D-4069-BC97-5F1A77EEF749}"
EndProject
Global
	GlobalSection(SolutionConfigurationPlatforms) = preSolution
		Debug|Any CPU = Debug|Any CPU
		Release|Any CPU = Release|Any CPU
	EndGlobalSection
	GlobalSection(ProjectConfigurationPlatforms) = postSolution
		{AE2CEF02-FF3D-4069-BC97-5F1A77EEF749}.Debug|Any CPU.ActiveCfg = Debug|Any CPU
		{AE2CEF02-FF3D-4069-BC97-5F1A77EEF749}.Debug|Any CPU.Build.0 = Debug|Any CPU
		{AE2CEF02-FF3D-4069-BC97-5F1A77EEF749}.Release|Any CPU.ActiveCfg = Release|Any CPU
		{AE2CEF02-FF3D-4069-BC97-5F1A77EEF749}.Release|Any CPU.Build.0 = Release|Any CPU
	EndGlobalSection
	GlobalSection(SolutionProperties) = preSolution
		HideSolutionNode = FALSE
	EndGlobalSection
	GlobalSection(ExtensibilityGlobals) = postSolution
		SolutionGuid = {211A75D2-1992-4B9E-9182-F4BA7C697D3A}
	EndGlobalSection
EndGlobal
